
Microsoft Visual Studio Solution File, Format Version 12.00
# Visual Studio Version 16
VisualStudioVersion = 16.0.30804.86
MinimumVisualStudioVersion = 10.0.40219.1
Project("{FAE04EC0-301F-11D3-BF4B-00C04F79EFBC}") = "NanoJpegConsole", "NanoJpegConsole\NanoJpegConsole.csproj", "{01195DBD-A125-4B6F-9181-68BF5EF5C1CE}"
EndProject
Global
	GlobalSection(SolutionConfigurationPlatforms) = preSolution
		Debug|Any CPU = Debug|Any CPU
		Release|Any CPU = Release|Any CPU
	EndGlobalSection
	GlobalSection(ProjectConfigurationPlatforms) = postSolution
		{01195DBD-A125-4B6F-9181-68BF5EF5C1CE}.Debug|Any CPU.ActiveCfg = Debug|Any CPU
		{01195DBD-A125-4B6F-9181-68BF5EF5C1CE}.Debug|Any CPU.Build.0 = Debug|Any CPU
		{01195DBD-A125-4B6F-9181-68BF5EF5C1CE}.Release|Any CPU.ActiveCfg = Release|Any CPU
		{01195DBD-A125-4B6F-9181-68BF5EF5C1CE}.Release|Any CPU.Build.0 = Release|Any CPU
	EndGlobalSection
	GlobalSection(SolutionProperties) = preSolution
		HideSolutionNode = FALSE
	EndGlobalSection
	GlobalSection(ExtensibilityGlobals) = postSolution
		SolutionGuid = {4667762D-56D6-4990-8419-9844025C5352}
	EndGlobalSection
EndGlobal
